
Microsoft Visual Studio Solution File, Format Version 12.00
# Visual Studio 15
VisualStudioVersion = 15.0.28307.329
MinimumVisualStudioVersion = 10.0.40219.1
Project("{FAE04EC0-301F-11D3-BF4B-00C04F79EFBC}") = "ConsoleApp2", "ConsoleApp2\ConsoleApp2.csproj", "{98B99482-EAE8-42C3-BD78-C23092E4AF72}"
EndProject
Global
	GlobalSection(SolutionConfigurationPlatforms) = preSolution
		Debug|Any CPU = Debug|Any CPU
		Release|Any CPU = Release|Any CPU
	EndGlobalSection
	GlobalSection(ProjectConfigurationPlatforms) = postSolution
		{98B99482-EAE8-42C3-BD78-C23092E4AF72}.Debug|Any CPU.ActiveCfg = Debug|Any CPU
		{98B99482-EAE8-42C3-BD78-C23092E4AF72}.Debug|Any CPU.Build.0 = Debug|Any CPU
		{98B99482-EAE8-42C3-BD78-C23092E4AF72}.Release|Any CPU.ActiveCfg = Release|Any CPU
		{98B99482-EAE8-42C3-BD78-C23092E4AF72}.Release|Any CPU.Build.0 = Release|Any CPU
	EndGlobalSection
	GlobalSection(SolutionProperties) = preSolution
		HideSolutionNode = FALSE
	EndGlobalSection
	GlobalSection(ExtensibilityGlobals) = postSolution
		SolutionGuid = {313041F0-AB5C-4B4D-B7E9-6FA2748BD418}
	EndGlobalSection
EndGlobal
